schema: '2.0'
stages:
  data_ingestion:
    cmd: python -m src.data_ingestion --config params.yaml
    deps:
    - path: requirements.txt
      hash: md5
      md5: 39c5af2f4b86032aa707721e38be6a5c
      size: 136
    - path: src/__init__.py
      hash: md5
      md5: c0ff142025bee924dac5f6ed86437934
      size: 30
    - path: src/config_utils.py
      hash: md5
      md5: e65b812a6f9988b6d7e0f40dc99e71c1
      size: 2965
    - path: src/data_ingestion.py
      hash: md5
      md5: 2d0197b856af2ba4319880ae646f35ed
      size: 3916
    - path: src/logging_utils.py
      hash: md5
      md5: 174c1162e90df6656f3131af2594db32
      size: 954
    params:
      params.yaml:
        data_ingestion.output_dir: data/raw
        data_ingestion.random_state: 42
        data_ingestion.test_size: 0.2
        data_ingestion.url: 
          https://raw.githubusercontent.com/vikashishere/Datasets/main/spam.csv
    outs:
    - path: data/raw
      hash: md5
      md5: da8ced9ee3593ab4ae01d0cf338651f9.dir
      size: 481664
      nfiles: 2
  data_preprocessing:
    cmd: python -m src.data_preprocessing --config params.yaml
    deps:
    - path: data/raw/test.csv
      hash: md5
      md5: d1931397097315dc7120718142a0e02e
      size: 96903
    - path: data/raw/train.csv
      hash: md5
      md5: e624271e398277ee5367088288f722cf
      size: 384761
    - path: requirements.txt
      hash: md5
      md5: 39c5af2f4b86032aa707721e38be6a5c
      size: 136
    - path: src/__init__.py
      hash: md5
      md5: c0ff142025bee924dac5f6ed86437934
      size: 30
    - path: src/config_utils.py
      hash: md5
      md5: e65b812a6f9988b6d7e0f40dc99e71c1
      size: 2965
    - path: src/data_preprocessing.py
      hash: md5
      md5: 8d9a5487801a62abb4ba5c97b6727b87
      size: 5651
    - path: src/logging_utils.py
      hash: md5
      md5: 174c1162e90df6656f3131af2594db32
      size: 954
    params:
      params.yaml:
        data_preprocessing.label_column: label
        data_preprocessing.test_input_path: data/raw/test.csv
        data_preprocessing.test_output_path: data/processed/test.csv
        data_preprocessing.text_column: message
        data_preprocessing.train_input_path: data/raw/train.csv
        data_preprocessing.train_output_path: data/processed/train.csv
    outs:
    - path: data/processed
      hash: md5
      md5: e86ed34d388098e2e5e0c4452150cac1.dir
      size: 254809
      nfiles: 2
  feature_engineering:
    cmd: python -m src.feature_engineering --config params.yaml
    deps:
    - path: data/processed/test.csv
      hash: md5
      md5: 0698107b8732e3b675d0810ae970ab2d
      size: 53816
    - path: data/processed/train.csv
      hash: md5
      md5: e3fe544783c2990051e3d013bcb381c8
      size: 200993
    - path: requirements.txt
      hash: md5
      md5: 39c5af2f4b86032aa707721e38be6a5c
      size: 136
    - path: src/__init__.py
      hash: md5
      md5: c0ff142025bee924dac5f6ed86437934
      size: 30
    - path: src/config_utils.py
      hash: md5
      md5: e65b812a6f9988b6d7e0f40dc99e71c1
      size: 2965
    - path: src/feature_engineering.py
      hash: md5
      md5: 62dcaf3999fd7042c08e22588834d5a5
      size: 6413
    - path: src/logging_utils.py
      hash: md5
      md5: 174c1162e90df6656f3131af2594db32
      size: 954
    params:
      params.yaml:
        feature_engineering.label_column: label
        feature_engineering.max_features: 40
        feature_engineering.ngram_range:
        - 1
        - 2
        feature_engineering.output_dir: data/features
        feature_engineering.test_path: data/processed/test.csv
        feature_engineering.text_column: message
        feature_engineering.train_path: data/processed/train.csv
    outs:
    - path: data/features
      hash: md5
      md5: f00a128427fc7fac713c8bf04d411aa4.dir
      size: 64994
      nfiles: 5
  model_building:
    cmd: python -m src.model_building --config params.yaml
    deps:
    - path: data/features/X_train.npz
      hash: md5
      md5: 319449154469731ab0606d9c368126f0
      size: 39666
    - path: data/features/y_train.csv
      hash: md5
      md5: d921f8262caae7c1b8b4c5ee37c9946c
      size: 8366
    - path: requirements.txt
      hash: md5
      md5: 39c5af2f4b86032aa707721e38be6a5c
      size: 136
    - path: src/__init__.py
      hash: md5
      md5: c0ff142025bee924dac5f6ed86437934
      size: 30
    - path: src/logging_utils.py
      hash: md5
      md5: 174c1162e90df6656f3131af2594db32
      size: 954
    - path: src/model_building.py
      hash: md5
      md5: 68b7ad2a10d4fb7dfeff514f25445791
      size: 7299
    params:
      params.yaml:
        model_building.features_path: data/features/X_train.npz
        model_building.label_column: label
        model_building.labels_path: data/features/y_train.csv
        model_building.max_iter: 1000
        model_building.model_path: model/model.pkl
        model_building.random_state: 42
    outs:
    - path: model/model.pkl
      hash: md5
      md5: 56a527bf3c3a1529195e7c2d7f5746f4
      size: 1183
  model_evaluation:
    cmd: python -m src.model_evaluation --config params.yaml
    deps:
    - path: data/features/X_test.npz
      hash: md5
      md5: 7faed29f37125f7fb05035192d1aa4e8
      size: 12548
    - path: data/features/y_test.csv
      hash: md5
      md5: 7b3000dd43b3af90096edc9da9cdda3c
      size: 2188
    - path: model/model.pkl
      hash: md5
      md5: 56a527bf3c3a1529195e7c2d7f5746f4
      size: 1183
    - path: requirements.txt
      hash: md5
      md5: 39c5af2f4b86032aa707721e38be6a5c
      size: 136
    - path: src/__init__.py
      hash: md5
      md5: c0ff142025bee924dac5f6ed86437934
      size: 30
    - path: src/config_utils.py
      hash: md5
      md5: e65b812a6f9988b6d7e0f40dc99e71c1
      size: 2965
    - path: src/logging_utils.py
      hash: md5
      md5: 174c1162e90df6656f3131af2594db32
      size: 954
    - path: src/model_evaluation.py
      hash: md5
      md5: 2ce56ffb96e07354b237a7e919a3883f
      size: 5763
    params:
      params.yaml:
        model_evaluation.features_path: data/features/X_test.npz
        model_evaluation.label_column: label
        model_evaluation.labels_path: data/features/y_test.csv
        model_evaluation.metrics_path: reports/metrics.json
        model_evaluation.model_path: model/model.pkl
    outs:
    - path: reports/metrics.json
      hash: md5
      md5: a21cc3a0ed0794b09d1f587407f4b3bc
      size: 129
