schema: '2.0'
stages:
  data_ingestion:
    cmd: python -m src.data_ingestion --config params.yaml
    deps:
    - path: requirements.txt
      hash: md5
      md5: eef60e1743a4b9fbd963444a95729dfe
      size: 154
    - path: src/__init__.py
      hash: md5
      md5: c0ff142025bee924dac5f6ed86437934
      size: 30
    - path: src/config_utils.py
      hash: md5
      md5: e65b812a6f9988b6d7e0f40dc99e71c1
      size: 2965
    - path: src/data_ingestion.py
      hash: md5
      md5: 2d0197b856af2ba4319880ae646f35ed
      size: 3916
    - path: src/logging_utils.py
      hash: md5
      md5: 174c1162e90df6656f3131af2594db32
      size: 954
    params:
      params.yaml:
        data_ingestion.output_dir: data/raw
        data_ingestion.random_state: 42
        data_ingestion.test_size: 0.3
        data_ingestion.url: 
          https://raw.githubusercontent.com/vikashishere/Datasets/main/spam.csv
    outs:
    - path: data/raw
      hash: md5
      md5: 91faa003fcbb188f42d4b6290ac92f00.dir
      size: 481664
      nfiles: 2
  data_preprocessing:
    cmd: python -m src.data_preprocessing --config params.yaml
    deps:
    - path: data/raw/test.csv
      hash: md5
      md5: 5734f9b344f94a0cf278562977b4d1af
      size: 145686
    - path: data/raw/train.csv
      hash: md5
      md5: 27b0bc93b356bc5ba0d5fd5f037d6cbc
      size: 335978
    - path: requirements.txt
      hash: md5
      md5: eef60e1743a4b9fbd963444a95729dfe
      size: 154
    - path: src/__init__.py
      hash: md5
      md5: c0ff142025bee924dac5f6ed86437934
      size: 30
    - path: src/config_utils.py
      hash: md5
      md5: e65b812a6f9988b6d7e0f40dc99e71c1
      size: 2965
    - path: src/data_preprocessing.py
      hash: md5
      md5: 8d9a5487801a62abb4ba5c97b6727b87
      size: 5651
    - path: src/logging_utils.py
      hash: md5
      md5: 174c1162e90df6656f3131af2594db32
      size: 954
    params:
      params.yaml:
        data_preprocessing.label_column: label
        data_preprocessing.test_input_path: data/raw/test.csv
        data_preprocessing.test_output_path: data/processed/test.csv
        data_preprocessing.text_column: message
        data_preprocessing.train_input_path: data/raw/train.csv
        data_preprocessing.train_output_path: data/processed/train.csv
    outs:
    - path: data/processed
      hash: md5
      md5: 7cbb3dc042dc97551fa7c2b87169e25f.dir
      size: 257096
      nfiles: 2
  feature_engineering:
    cmd: python -m src.feature_engineering --config params.yaml
    deps:
    - path: data/processed/test.csv
      hash: md5
      md5: 55220bbf50bd481a61500d0dd5b271ce
      size: 79445
    - path: data/processed/train.csv
      hash: md5
      md5: 5fcde2c465ba883ea10d31fce7813fb7
      size: 177651
    - path: requirements.txt
      hash: md5
      md5: eef60e1743a4b9fbd963444a95729dfe
      size: 154
    - path: src/__init__.py
      hash: md5
      md5: c0ff142025bee924dac5f6ed86437934
      size: 30
    - path: src/config_utils.py
      hash: md5
      md5: e65b812a6f9988b6d7e0f40dc99e71c1
      size: 2965
    - path: src/feature_engineering.py
      hash: md5
      md5: 62dcaf3999fd7042c08e22588834d5a5
      size: 6413
    - path: src/logging_utils.py
      hash: md5
      md5: 174c1162e90df6656f3131af2594db32
      size: 954
    params:
      params.yaml:
        feature_engineering.label_column: label
        feature_engineering.max_features: 30
        feature_engineering.ngram_range:
        - 1
        - 2
        feature_engineering.output_dir: data/features
        feature_engineering.test_path: data/processed/test.csv
        feature_engineering.text_column: message
        feature_engineering.train_path: data/processed/train.csv
    outs:
    - path: data/features
      hash: md5
      md5: 0ddd9381f8e0bcf9d78dc51878e192d1.dir
      size: 54041
      nfiles: 5
  model_building:
    cmd: python -m src.model_building --config params.yaml
    deps:
    - path: data/features/X_train.npz
      hash: md5
      md5: d45f9f48d41ae0e5675ab5c067c8e0d1
      size: 27729
    - path: data/features/y_train.csv
      hash: md5
      md5: f0dc480ef80357470d5d03aab2b21c25
      size: 7362
    - path: requirements.txt
      hash: md5
      md5: eef60e1743a4b9fbd963444a95729dfe
      size: 154
    - path: src/__init__.py
      hash: md5
      md5: c0ff142025bee924dac5f6ed86437934
      size: 30
    - path: src/logging_utils.py
      hash: md5
      md5: 174c1162e90df6656f3131af2594db32
      size: 954
    - path: src/model_building.py
      hash: md5
      md5: a416c25b2abf9f6feee60789f3a6940d
      size: 7974
    params:
      params.yaml:
        model_building.dvclive_dir: dvclive/train
        model_building.features_path: data/features/X_train.npz
        model_building.label_column: label
        model_building.labels_path: data/features/y_train.csv
        model_building.max_iter: 1000
        model_building.model_path: model/model.pkl
        model_building.random_state: 42
    outs:
    - path: dvclive/train/metrics.json
      hash: md5
      md5: bbc4e2cb705a1934f661c632fd9758c0
      size: 60
    - path: model/model.pkl
      hash: md5
      md5: eeccafcb0fd02906b48a0176eb773081
      size: 1103
  model_evaluation:
    cmd: python -m src.model_evaluation --config params.yaml
    deps:
    - path: data/features/X_test.npz
      hash: md5
      md5: 5bcc647d0c0354bdd77dfb67c7b025d5
      size: 13810
    - path: data/features/y_test.csv
      hash: md5
      md5: 240230e235a5acf1fa549d2eddbd09f2
      size: 3250
    - path: model/model.pkl
      hash: md5
      md5: eeccafcb0fd02906b48a0176eb773081
      size: 1103
    - path: requirements.txt
      hash: md5
      md5: eef60e1743a4b9fbd963444a95729dfe
      size: 154
    - path: src/__init__.py
      hash: md5
      md5: c0ff142025bee924dac5f6ed86437934
      size: 30
    - path: src/config_utils.py
      hash: md5
      md5: e65b812a6f9988b6d7e0f40dc99e71c1
      size: 2965
    - path: src/logging_utils.py
      hash: md5
      md5: 174c1162e90df6656f3131af2594db32
      size: 954
    - path: src/model_evaluation.py
      hash: md5
      md5: b8679b8b7cdf0a1dbae0dcdff392238f
      size: 6150
    params:
      params.yaml:
        model_evaluation.dvclive_dir: dvclive/evaluation
        model_evaluation.features_path: data/features/X_test.npz
        model_evaluation.label_column: label
        model_evaluation.labels_path: data/features/y_test.csv
        model_evaluation.metrics_path: reports/metrics.json
        model_evaluation.model_path: model/model.pkl
    outs:
    - path: dvclive/evaluation/metrics.json
      hash: md5
      md5: 6a7b2bc77daa93d19b1097f90850d91f
      size: 156
    - path: reports/metrics.json
      hash: md5
      md5: d28e2263dfd0c6aafce5ca2857f9f141
      size: 133
